// !$*UTF8*$!
{
	archiveVersion = 1;
	classes = {
	};
	objectVersion = 56;
	objects = {

/* Begin PBXBuildFile section */
		4A5D2E74294B13D00011BD90 /* AppDelegate.swift in Sources */ = {isa = PBXBuildFile; fileRef = 4A5D2E73294B13D00011BD90 /* AppDelegate.swift */; };
		4A5D2E76294B13D00011BD90 /* SceneDelegate.swift in Sources */ = {isa = PBXBuildFile; fileRef = 4A5D2E75294B13D00011BD90 /* SceneDelegate.swift */; };
		4A5D2E78294B13D00011BD90 /* ViewController.swift in Sources */ = {isa = PBXBuildFile; fileRef = 4A5D2E77294B13D00011BD90 /* ViewController.swift */; };
		4A5D2E7B294B13D00011BD90 /* Main.storyboard in Resources */ = {isa = PBXBuildFile; fileRef = 4A5D2E79294B13D00011BD90 /* Main.storyboard */; };
		4A5D2E7E294B13D00011BD90 /* My_Portfolio_for_Swift.xcdatamodeld in Sources */ = {isa = PBXBuildFile; fileRef = 4A5D2E7C294B13D00011BD90 /* My_Portfolio_for_Swift.xcdatamodeld */; };
		4A5D2E80294B13D30011BD90 /* Assets.xcassets in Resources */ = {isa = PBXBuildFile; fileRef = 4A5D2E7F294B13D30011BD90 /* Assets.xcassets */; };
		4A5D2E83294B13D30011BD90 /* LaunchScreen.storyboard in Resources */ = {isa = PBXBuildFile; fileRef = 4A5D2E81294B13D30011BD90 /* LaunchScreen.storyboard */; };
		4A5D2E8B294B14CB0011BD90 /* Login.storyboard in Resources */ = {isa = PBXBuildFile; fileRef = 4A5D2E8A294B14CB0011BD90 /* Login.storyboard */; };
/* End PBXBuildFile section */

/* Begin PBXFileReference section */
		4A5D2E70294B13D00011BD90 /* My Portfolio for Swift.app */ = {isa = PBXFileReference; explicitFileType = wrapper.application; includeInIndex = 0; path = "My Portfolio for Swift.app"; sourceTree = BUILT_PRODUCTS_DIR; };
		4A5D2E73294B13D00011BD90 /* AppDelegate.swift */ = {isa = PBXFileReference; lastKnownFileType = sourcecode.swift; path = AppDelegate.swift; sourceTree = "<group>"; };
		4A5D2E75294B13D00011BD90 /* SceneDelegate.swift */ = {isa = PBXFileReference; lastKnownFileType = sourcecode.swift; path = SceneDelegate.swift; sourceTree = "<group>"; };
		4A5D2E77294B13D00011BD90 /* ViewController.swift */ = {isa = PBXFileReference; lastKnownFileType = sourcecode.swift; path = ViewController.swift; sourceTree = "<group>"; };
		4A5D2E7A294B13D00011BD90 /* Base */ = {isa = PBXFileReference; lastKnownFileType = file.storyboard; name = Base; path = Base.lproj/Main.storyboard; sourceTree = "<group>"; };
		4A5D2E7D294B13D00011BD90 /* My_Portfolio_for_Swift.xcdatamodel */ = {isa = PBXFileReference; lastKnownFileType = wrapper.xcdatamodel; path = My_Portfolio_for_Swift.xcdatamodel; sourceTree = "<group>"; };
		4A5D2E7F294B13D30011BD90 /* Assets.xcassets */ = {isa = PBXFileReference; lastKnownFileType = folder.assetcatalog; path = Assets.xcassets; sourceTree = "<group>"; };
		4A5D2E82294B13D30011BD90 /* Base */ = {isa = PBXFileReference; lastKnownFileType = file.storyboard; name = Base; path = Base.lproj/LaunchScreen.storyboard; sourceTree = "<group>"; };
		4A5D2E84294B13D30011BD90 /* Info.plist */ = {isa = PBXFileReference; lastKnownFileType = text.plist.xml; path = Info.plist; sourceTree = "<group>"; };
		4A5D2E8A294B14CB0011BD90 /* Login.storyboard */ = {isa = PBXFileReference; lastKnownFileType = file.storyboard; path = Login.storyboard; sourceTree = "<group>"; };
/* End PBXFileReference section */

/* Begin PBXFrameworksBuildPhase section */
		4A5D2E6D294B13D00011BD90 /* Frameworks */ = {
			isa = PBXFrameworksBuildPhase;
			buildActionMask = 2147483647;
			files = (
			);
			runOnlyForDeploymentPostprocessing = 0;
		};
/* End PBXFrameworksBuildPhase section */

/* Begin PBXGroup section */
		4A5D2E67294B13D00011BD90 = {
			isa = PBXGroup;
			children = (
				4A5D2E72294B13D00011BD90 /* My Portfolio for Swift */,
				4A5D2E71294B13D00011BD90 /* Products */,
			);
			sourceTree = "<group>";
		};
		4A5D2E71294B13D00011BD90 /* Products */ = {
			isa = PBXGroup;
			children = (
				4A5D2E70294B13D00011BD90 /* My Portfolio for Swift.app */,
			);
			name = Products;
			sourceTree = "<group>";
		};
		4A5D2E72294B13D00011BD90 /* My Portfolio for Swift */ = {
			isa = PBXGroup;
			children = (
				4A5D2E8E294B15120011BD90 /* Model */,
				4A5D2E8D294B14F70011BD90 /* Control */,
				4A5D2E8C294B14E80011BD90 /* View */,
				4A5D2E73294B13D00011BD90 /* AppDelegate.swift */,
				4A5D2E75294B13D00011BD90 /* SceneDelegate.swift */,
				4A5D2E7F294B13D30011BD90 /* Assets.xcassets */,
				4A5D2E84294B13D30011BD90 /* Info.plist */,
				4A5D2E7C294B13D00011BD90 /* My_Portfolio_for_Swift.xcdatamodeld */,
			);
			path = "My Portfolio for Swift";
			sourceTree = "<group>";
		};
		4A5D2E8C294B14E80011BD90 /* View */ = {
			isa = PBXGroup;
			children = (
				4A5D2E81294B13D30011BD90 /* LaunchScreen.storyboard */,
				4A5D2E8A294B14CB0011BD90 /* Login.storyboard */,
				4A5D2E79294B13D00011BD90 /* Main.storyboard */,
			);
			path = View;
			sourceTree = "<group>";
		};
		4A5D2E8D294B14F70011BD90 /* Control */ = {
			isa = PBXGroup;
			children = (
				4A5D2E77294B13D00011BD90 /* ViewController.swift */,
			);
			path = Control;
			sourceTree = "<group>";
		};
		4A5D2E8E294B15120011BD90 /* Model */ = {
			isa = PBXGroup;
			children = (
			);
			path = Model;
			sourceTree = "<group>";
		};
/* End PBXGroup section */

/* Begin PBXNativeTarget section */
		4A5D2E6F294B13D00011BD90 /* My Portfolio for Swift */ = {
			isa = PBXNativeTarget;
			buildConfigurationList = 4A5D2E87294B13D30011BD90 /* Build configuration list for PBXNativeTarget "My Portfolio for Swift" */;
			buildPhases = (
				4A5D2E6C294B13D00011BD90 /* Sources */,
				4A5D2E6D294B13D00011BD90 /* Frameworks */,
				4A5D2E6E294B13D00011BD90 /* Resources */,
			);
			buildRules = (
			);
			dependencies = (
			);
			name = "My Portfolio for Swift";
			productName = "My Portfolio for Swift";
			productReference = 4A5D2E70294B13D00011BD90 /* My Portfolio for Swift.app */;
			productType = "com.apple.product-type.application";
		};
/* End PBXNativeTarget section */

/* Begin PBXProject section */
		4A5D2E68294B13D00011BD90 /* Project object */ = {
			isa = PBXProject;
			attributes = {
				BuildIndependentTargetsInParallel = 1;
				LastSwiftUpdateCheck = 1420;
				LastUpgradeCheck = 1420;
				TargetAttributes = {
					4A5D2E6F294B13D00011BD90 = {
						CreatedOnToolsVersion = 14.2;
					};
				};
			};
			buildConfigurationList = 4A5D2E6B294B13D00011BD90 /* Build configuration list for PBXProject "My Portfolio for Swift" */;
			compatibilityVersion = "Xcode 14.0";
			developmentRegion = en;
			hasScannedForEncodings = 0;
			knownRegions = (
				en,
				Base,
			);
			mainGroup = 4A5D2E67294B13D00011BD90;
			productRefGroup = 4A5D2E71294B13D00011BD90 /* Products */;
			projectDirPath = "";
			projectRoot = "";
			targets = (
				4A5D2E6F294B13D00011BD90 /* My Portfolio for Swift */,
			);
		};
/* End PBXProject section */

/* Begin PBXResourcesBuildPhase section */
		4A5D2E6E294B13D00011BD90 /* Resources */ = {
			isa = PBXResourcesBuildPhase;
			buildActionMask = 2147483647;
			files = (
				4A5D2E8B294B14CB0011BD90 /* Login.storyboard in Resources */,
				4A5D2E83294B13D30011BD90 /* LaunchScreen.storyboard in Resources */,
				4A5D2E80294B13D30011BD90 /* Assets.xcassets in Resources */,
				4A5D2E7B294B13D00011BD90 /* Main.storyboard in Resources */,
			);
			runOnlyForDeploymentPostprocessing = 0;
		};
/* End PBXResourcesBuildPhase section */

/* Begin PBXSourcesBuildPhase section */
		4A5D2E6C294B13D00011BD90 /* Sources */ = {
			isa = PBXSourcesBuildPhase;
			buildActionMask = 2147483647;
			files = (
				4A5D2E7E294B13D00011BD90 /* My_Portfolio_for_Swift.xcdatamodeld in Sources */,
				4A5D2E78294B13D00011BD90 /* ViewController.swift in Sources */,
				4A5D2E74294B13D00011BD90 /* AppDelegate.swift in Sources */,
				4A5D2E76294B13D00011BD90 /* SceneDelegate.swift in Sources */,
			);
			runOnlyForDeploymentPostprocessing = 0;
		};
/* End PBXSourcesBuildPhase section */

/* Begin PBXVariantGroup section */
		4A5D2E79294B13D00011BD90 /* Main.storyboard */ = {
			isa = PBXVariantGroup;
			children = (
				4A5D2E7A294B13D00011BD90 /* Base */,
			);
			name = Main.storyboard;
			sourceTree = "<group>";
		};
		4A5D2E81294B13D30011BD90 /* LaunchScreen.storyboard */ = {
			isa = PBXVariantGroup;
			children = (
				4A5D2E82294B13D30011BD90 /* Base */,
			);
			name = LaunchScreen.storyboard;
			sourceTree = "<group>";
		};
/* End PBXVariantGroup section */

/* Begin XCBuildConfiguration section */
		4A5D2E85294B13D30011BD90 /* Debug */ = {
			isa = XCBuildConfiguration;
			buildSettings = {
				ALWAYS_SEARCH_USER_PATHS = NO;
				CLANG_ANALYZER_NONNULL = YES;
				CLANG_ANALYZER_NUMBER_OBJECT_CONVERSION = YES_AGGRESSIVE;
				CLANG_CXX_LANGUAGE_STANDARD = "gnu++20";
				CLANG_ENABLE_MODULES = YES;
				CLANG_ENABLE_OBJC_ARC = YES;
				CLANG_ENABLE_OBJC_WEAK = YES;
				CLANG_WARN_BLOCK_CAPTURE_AUTORELEASING = YES;
				CLANG_WARN_BOOL_CONVERSION = YES;
				CLANG_WARN_COMMA = YES;
				CLANG_WARN_CONSTANT_CONVERSION = YES;
				CLANG_WARN_DEPRECATED_OBJC_IMPLEMENTATIONS = YES;
				CLANG_WARN_DIRECT_OBJC_ISA_USAGE = YES_ERROR;
				CLANG_WARN_DOCUMENTATION_COMMENTS = YES;
				CLANG_WARN_EMPTY_BODY = YES;
				CLANG_WARN_ENUM_CONVERSION = YES;
				CLANG_WARN_INFINITE_RECURSION = YES;
				CLANG_WARN_INT_CONVERSION = YES;
				CLANG_WARN_NON_LITERAL_NULL_CONVERSION = YES;
				CLANG_WARN_OBJC_IMPLICIT_RETAIN_SELF = YES;
				CLANG_WARN_OBJC_LITERAL_CONVERSION = YES;
				CLANG_WARN_OBJC_ROOT_CLASS = YES_ERROR;
				CLANG_WARN_QUOTED_INCLUDE_IN_FRAMEWORK_HEADER = YES;
				CLANG_WARN_RANGE_LOOP_ANALYSIS = YES;
				CLANG_WARN_STRICT_PROTOTYPES = YES;
				CLANG_WARN_SUSPICIOUS_MOVE = YES;
				CLANG_WARN_UNGUARDED_AVAILABILITY = YES_AGGRESSIVE;
				CLANG_WARN_UNREACHABLE_CODE = YES;
				CLANG_WARN__DUPLICATE_METHOD_MATCH = YES;
				COPY_PHASE_STRIP = NO;
				DEBUG_INFORMATION_FORMAT = dwarf;
				ENABLE_STRICT_OBJC_MSGSEND = YES;
				ENABLE_TESTABILITY = YES;
				GCC_C_LANGUAGE_STANDARD = gnu11;
				GCC_DYNAMIC_NO_PIC = NO;
				GCC_NO_COMMON_BLOCKS = YES;
				GCC_OPTIMIZATION_LEVEL = 0;
				GCC_PREPROCESSOR_DEFINITIONS = (
					"DEBUG=1",
					"$(inherited)",
				);
				GCC_WARN_64_TO_32_BIT_CONVERSION = YES;
				GCC_WARN_ABOUT_RETURN_TYPE = YES_ERROR;
				GCC_WARN_UNDECLARED_SELECTOR = YES;
				GCC_WARN_UNINITIALIZED_AUTOS = YES_AGGRESSIVE;
				GCC_WARN_UNUSED_FUNCTION = YES;
				GCC_WARN_UNUSED_VARIABLE = YES;
				IPHONEOS_DEPLOYMENT_TARGET = 16.2;
				MTL_ENABLE_DEBUG_INFO = INCLUDE_SOURCE;
				MTL_FAST_MATH = YES;
				ONLY_ACTIVE_ARCH = YES;
				SDKROOT = iphoneos;
				SWIFT_ACTIVE_COMPILATION_CONDITIONS = DEBUG;
				SWIFT_OPTIMIZATION_LEVEL = "-Onone";
			};
			name = Debug;
		};
		4A5D2E86294B13D30011BD90 /* Release */ = {
			isa = XCBuildConfiguration;
			buildSettings = {
				ALWAYS_SEARCH_USER_PATHS = NO;
				CLANG_ANALYZER_NONNULL = YES;
				CLANG_ANALYZER_NUMBER_OBJECT_CONVERSION = YES_AGGRESSIVE;
				CLANG_CXX_LANGUAGE_STANDARD = "gnu++20";
				CLANG_ENABLE_MODULES = YES;
				CLANG_ENABLE_OBJC_ARC = YES;
				CLANG_ENABLE_OBJC_WEAK = YES;
				CLANG_WARN_BLOCK_CAPTURE_AUTORELEASING = YES;
				CLANG_WARN_BOOL_CONVERSION = YES;
				CLANG_WARN_COMMA = YES;
				CLANG_WARN_CONSTANT_CONVERSION = YES;
				CLANG_WARN_DEPRECATED_OBJC_IMPLEMENTATIONS = YES;
				CLANG_WARN_DIRECT_OBJC_ISA_USAGE = YES_ERROR;
				CLANG_WARN_DOCUMENTATION_COMMENTS = YES;
				CLANG_WARN_EMPTY_BODY = YES;
				CLANG_WARN_ENUM_CONVERSION = YES;
				CLANG_WARN_INFINITE_RECURSION = YES;
				CLANG_WARN_INT_CONVERSION = YES;
				CLANG_WARN_NON_LITERAL_NULL_CONVERSION = YES;
				CLANG_WARN_OBJC_IMPLICIT_RETAIN_SELF = YES;
				CLANG_WARN_OBJC_LITERAL_CONVERSION = YES;
				CLANG_WARN_OBJC_ROOT_CLASS = YES_ERROR;
				CLANG_WARN_QUOTED_INCLUDE_IN_FRAMEWORK_HEADER = YES;
				CLANG_WARN_RANGE_LOOP_ANALYSIS = YES;
				CLANG_WARN_STRICT_PROTOTYPES = YES;
				CLANG_WARN_SUSPICIOUS_MOVE = YES;
				CLANG_WARN_UNGUARDED_AVAILABILITY = YES_AGGRESSIVE;
				CLANG_WARN_UNREACHABLE_CODE = YES;
				CLANG_WARN__DUPLICATE_METHOD_MATCH = YES;
				COPY_PHASE_STRIP = NO;
				DEBUG_INFORMATION_FORMAT = "dwarf-with-dsym";
				ENABLE_NS_ASSERTIONS = NO;
				ENABLE_STRICT_OBJC_MSGSEND = YES;
				GCC_C_LANGUAGE_STANDARD = gnu11;
				GCC_NO_COMMON_BLOCKS = YES;
				GCC_WARN_64_TO_32_BIT_CONVERSION = YES;
				GCC_WARN_ABOUT_RETURN_TYPE = YES_ERROR;
				GCC_WARN_UNDECLARED_SELECTOR = YES;
				GCC_WARN_UNINITIALIZED_AUTOS = YES_AGGRESSIVE;
				GCC_WARN_UNUSED_FUNCTION = YES;
				GCC_WARN_UNUSED_VARIABLE = YES;
				IPHONEOS_DEPLOYMENT_TARGET = 16.2;
				MTL_ENABLE_DEBUG_INFO = NO;
				MTL_FAST_MATH = YES;
				SDKROOT = iphoneos;
				SWIFT_COMPILATION_MODE = wholemodule;
				SWIFT_OPTIMIZATION_LEVEL = "-O";
				VALIDATE_PRODUCT = YES;
			};
			name = Release;
		};
		4A5D2E88294B13D30011BD90 /* Debug */ = {
			isa = XCBuildConfiguration;
			buildSettings = {
				ASSETCATALOG_COMPILER_APPICON_NAME = AppIcon;
				ASSETCATALOG_COMPILER_GLOBAL_ACCENT_COLOR_NAME = AccentColor;
				CODE_SIGN_STYLE = Automatic;
				CURRENT_PROJECT_VERSION = 1;
				DEVELOPMENT_TEAM = 4N5CZF3G4Q;
				GENERATE_INFOPLIST_FILE = YES;
				INFOPLIST_FILE = "My Portfolio for Swift/Info.plist";
				INFOPLIST_KEY_UIApplicationSupportsIndirectInputEvents = YES;
				INFOPLIST_KEY_UILaunchStoryboardName = LaunchScreen;
				INFOPLIST_KEY_UIMainStoryboardFile = Main;
				INFOPLIST_KEY_UISupportedInterfaceOrientations_iPad = "UIInterfaceOrientationPortrait UIInterfaceOrientationPortraitUpsideDown UIInterfaceOrientationLandscapeLeft UIInterfaceOrientationLandscapeRight";
				INFOPLIST_KEY_UISupportedInterfaceOrientations_iPhone = "UIInterfaceOrientationPortrait UIInterfaceOrientationLandscapeLeft UIInterfaceOrientationLandscapeRight";
				LD_RUNPATH_SEARCH_PATHS = (
					"$(inherited)",
					"@executable_path/Frameworks",
				);
				MARKETING_VERSION = 1.0;
				PRODUCT_BUNDLE_IDENTIFIER = "codes.edrich.My-Portfolio-for-Swift";
				PRODUCT_NAME = "$(TARGET_NAME)";
				SWIFT_EMIT_LOC_STRINGS = YES;
				SWIFT_VERSION = 5.0;
				TARGETED_DEVICE_FAMILY = "1,2";
			};
			name = Debug;
		};
		4A5D2E89294B13D30011BD90 /* Release */ = {
			isa = XCBuildConfiguration;
			buildSettings = {
				ASSETCATALOG_COMPILER_APPICON_NAME = AppIcon;
				ASSETCATALOG_COMPILER_GLOBAL_ACCENT_COLOR_NAME = AccentColor;
				CODE_SIGN_STYLE = Automatic;
				CURRENT_PROJECT_VERSION = 1;
				DEVELOPMENT_TEAM = 4N5CZF3G4Q;
				GENERATE_INFOPLIST_FILE = YES;
				INFOPLIST_FILE = "My Portfolio for Swift/Info.plist";
				INFOPLIST_KEY_UIApplicationSupportsIndirectInputEvents = YES;
				INFOPLIST_KEY_UILaunchStoryboardName = LaunchScreen;
				INFOPLIST_KEY_UIMainStoryboardFile = Main;
				INFOPLIST_KEY_UISupportedInterfaceOrientations_iPad = "UIInterfaceOrientationPortrait UIInterfaceOrientationPortraitUpsideDown UIInterfaceOrientationLandscapeLeft UIInterfaceOrientationLandscapeRight";
				INFOPLIST_KEY_UISupportedInterfaceOrientations_iPhone = "UIInterfaceOrientationPortrait UIInterfaceOrientationLandscapeLeft UIInterfaceOrientationLandscapeRight";
				LD_RUNPATH_SEARCH_PATHS = (
					"$(inherited)",
					"@executable_path/Frameworks",
				);
				MARKETING_VERSION = 1.0;
				PRODUCT_BUNDLE_IDENTIFIER = "codes.edrich.My-Portfolio-for-Swift";
				PRODUCT_NAME = "$(TARGET_NAME)";
				SWIFT_EMIT_LOC_STRINGS = YES;
				SWIFT_VERSION = 5.0;
				TARGETED_DEVICE_FAMILY = "1,2";
			};
			name = Release;
		};
/* End XCBuildConfiguration section */

/* Begin XCConfigurationList section */
		4A5D2E6B294B13D00011BD90 /* Build configuration list for PBXProject "My Portfolio for Swift" */ = {
			isa = XCConfigurationList;
			buildConfigurations = (
				4A5D2E85294B13D30011BD90 /* Debug */,
				4A5D2E86294B13D30011BD90 /* Release */,
			);
			defaultConfigurationIsVisible = 0;
			defaultConfigurationName = Release;
		};
		4A5D2E87294B13D30011BD90 /* Build configuration list for PBXNativeTarget "My Portfolio for Swift" */ = {
			isa = XCConfigurationList;
			buildConfigurations = (
				4A5D2E88294B13D30011BD90 /* Debug */,
				4A5D2E89294B13D30011BD90 /* Release */,
			);
			defaultConfigurationIsVisible = 0;
			defaultConfigurationName = Release;
		};
/* End XCConfigurationList section */

/* Begin XCVersionGroup section */
		4A5D2E7C294B13D00011BD90 /* My_Portfolio_for_Swift.xcdatamodeld */ = {
			isa = XCVersionGroup;
			children = (
				4A5D2E7D294B13D00011BD90 /* My_Portfolio_for_Swift.xcdatamodel */,
			);
			currentVersion = 4A5D2E7D294B13D00011BD90 /* My_Portfolio_for_Swift.xcdatamodel */;
			path = My_Portfolio_for_Swift.xcdatamodeld;
			sourceTree = "<group>";
			versionGroupType = wrapper.xcdatamodel;
		};
/* End XCVersionGroup section */
	};
	rootObject = 4A5D2E68294B13D00011BD90 /* Project object */;
}
